{
  "originHash" : "ca699413d3388cdf6d4b9f50e049fea56dc6e8d91f5db8539c18413e53de6ea6",
  "pins" : [
    {
      "identity" : "flexlayout",
      "kind" : "remoteSourceControl",
      "location" : "https://github.com/layoutBox/FlexLayout.git",
      "state" : {
        "revision" : "45b4e7cbcc9f35c05112860f4eb897aae4f5011c",
        "version" : "2.2.2"
      }
    },
    {
      "identity" : "pinlayout",
      "kind" : "remoteSourceControl",
      "location" : "https://github.com/layoutBox/PinLayout",
      "state" : {
        "revision" : "72f5300042618340df21500f6c4ce71bb78b93e1",
        "version" : "1.10.6"
      }
    },
    {
      "identity" : "yoga",
      "kind" : "remoteSourceControl",
      "location" : "https://github.com/facebook/yoga.git",
      "state" : {
        "revision" : "042f5013152eb81c1552dec945b88f7b95ca350f",
        "version" : "3.2.1"
      }
    }
  ],
  "version" : 3
}
